
Microsoft Visual Studio Solution File, Format Version 12.00
# Visual Studio Version 17
VisualStudioVersion = 17.1.32414.318
MinimumVisualStudioVersion = 10.0.40219.1
Project("{9A19103F-16F7-4668-BE54-9A1E7A4F7556}") = "ForzaDecryptor", "ForzaDecryptor\ForzaDecryptor.csproj", "{FDD22F79-2EF4-4FCB-97FB-C64A244F8C8E}"
EndProject
Project("{9A19103F-16F7-4668-BE54-9A1E7A4F7556}") = "ForzaTools.BinaryXML", "BXML\ForzaTools.BinaryXML.csproj", "{F6A99AE1-1BBD-429A-B176-8F9EDC31571B}"
EndProject
Project("{9A19103F-16F7-4668-BE54-9A1E7A4F7556}") = "ForzaUtils", "ForzaUtils\ForzaUtils.csproj", "{01B741AB-52E3-4F70-80D8-1CEE4BD7FFD6}"
EndProject
Project("{9A19103F-16F7-4668-BE54-9A1E7A4F7556}") = "ForzaDBLoadPatcher", "ForzaDBLoadPatcher\ForzaDBLoadPatcher.csproj", "{5B4A56AB-9B1F-4B65-9E1F-250AD4ED225E}"
EndProject
Project("{9A19103F-16F7-4668-BE54-9A1E7A4F7556}") = "PlaygroundMiniZip", "PlaygroundMiniZip\PlaygroundMiniZip.csproj", "{E42C21C4-773B-4B46-ABCC-743D37775992}"
EndProject
Project("{FAE04EC0-301F-11D3-BF4B-00C04F79EFBC}") = "ForzaTools.Bundle", "ForzaTools.Bundle\ForzaTools.Bundle.csproj", "{BA23D248-AED4-4657-AFE2-399E5D868696}"
EndProject
Global
	GlobalSection(SolutionConfigurationPlatforms) = preSolution
		Debug|Any CPU = Debug|Any CPU
		Release|Any CPU = Release|Any CPU
	EndGlobalSection
	GlobalSection(ProjectConfigurationPlatforms) = postSolution
		{FDD22F79-2EF4-4FCB-97FB-C64A244F8C8E}.Debug|Any CPU.ActiveCfg = Debug|Any CPU
		{FDD22F79-2EF4-4FCB-97FB-C64A244F8C8E}.Debug|Any CPU.Build.0 = Debug|Any CPU
		{FDD22F79-2EF4-4FCB-97FB-C64A244F8C8E}.Release|Any CPU.ActiveCfg = Release|Any CPU
		{FDD22F79-2EF4-4FCB-97FB-C64A244F8C8E}.Release|Any CPU.Build.0 = Release|Any CPU
		{F6A99AE1-1BBD-429A-B176-8F9EDC31571B}.Debug|Any CPU.ActiveCfg = Debug|Any CPU
		{F6A99AE1-1BBD-429A-B176-8F9EDC31571B}.Debug|Any CPU.Build.0 = Debug|Any CPU
		{F6A99AE1-1BBD-429A-B176-8F9EDC31571B}.Release|Any CPU.ActiveCfg = Release|Any CPU
		{F6A99AE1-1BBD-429A-B176-8F9EDC31571B}.Release|Any CPU.Build.0 = Release|Any CPU
		{01B741AB-52E3-4F70-80D8-1CEE4BD7FFD6}.Debug|Any CPU.ActiveCfg = Debug|Any CPU
		{01B741AB-52E3-4F70-80D8-1CEE4BD7FFD6}.Debug|Any CPU.Build.0 = Debug|Any CPU
		{01B741AB-52E3-4F70-80D8-1CEE4BD7FFD6}.Release|Any CPU.ActiveCfg = Release|Any CPU
		{01B741AB-52E3-4F70-80D8-1CEE4BD7FFD6}.Release|Any CPU.Build.0 = Release|Any CPU
		{5B4A56AB-9B1F-4B65-9E1F-250AD4ED225E}.Debug|Any CPU.ActiveCfg = Debug|Any CPU
		{5B4A56AB-9B1F-4B65-9E1F-250AD4ED225E}.Debug|Any CPU.Build.0 = Debug|Any CPU
		{5B4A56AB-9B1F-4B65-9E1F-250AD4ED225E}.Release|Any CPU.ActiveCfg = Release|Any CPU
		{5B4A56AB-9B1F-4B65-9E1F-250AD4ED225E}.Release|Any CPU.Build.0 = Release|Any CPU
		{E42C21C4-773B-4B46-ABCC-743D37775992}.Debug|Any CPU.ActiveCfg = Debug|Any CPU
		{E42C21C4-773B-4B46-ABCC-743D37775992}.Debug|Any CPU.Build.0 = Debug|Any CPU
		{E42C21C4-773B-4B46-ABCC-743D37775992}.Release|Any CPU.ActiveCfg = Release|Any CPU
		{E42C21C4-773B-4B46-ABCC-743D37775992}.Release|Any CPU.Build.0 = Release|Any CPU
		{BA23D248-AED4-4657-AFE2-399E5D868696}.Debug|Any CPU.ActiveCfg = Debug|Any CPU
		{BA23D248-AED4-4657-AFE2-399E5D868696}.Debug|Any CPU.Build.0 = Debug|Any CPU
		{BA23D248-AED4-4657-AFE2-399E5D868696}.Release|Any CPU.ActiveCfg = Release|Any CPU
		{BA23D248-AED4-4657-AFE2-399E5D868696}.Release|Any CPU.Build.0 = Release|Any CPU
	EndGlobalSection
	GlobalSection(SolutionProperties) = preSolution
		HideSolutionNode = FALSE
	EndGlobalSection
	GlobalSection(ExtensibilityGlobals) = postSolution
		SolutionGuid = {8D2C3371-9293-462C-B418-8812E0BB476D}
	EndGlobalSection
EndGlobal
