
Microsoft Visual Studio Solution File, Format Version 12.00
# Visual Studio Version 17
VisualStudioVersion = 17.1.32414.318
MinimumVisualStudioVersion = 10.0.40219.1
Project("{9A19103F-16F7-4668-BE54-9A1E7A4F7556}") = "ForzaDecryptor", "ForzaDecryptor\ForzaDecryptor.csproj", "{FDD22F79-2EF4-4FCB-97FB-C64A244F8C8E}"
EndProject
Project("{FAE04EC0-301F-11D3-BF4B-00C04F79EFBC}") = "BXML", "BXML\BXML.csproj", "{F6A99AE1-1BBD-429A-B176-8F9EDC31571B}"
EndProject
Global
	GlobalSection(SolutionConfigurationPlatforms) = preSolution
		Debug|Any CPU = Debug|Any CPU
		Release|Any CPU = Release|Any CPU
	EndGlobalSection
	GlobalSection(ProjectConfigurationPlatforms) = postSolution
		{FDD22F79-2EF4-4FCB-97FB-C64A244F8C8E}.Debug|Any CPU.ActiveCfg = Debug|Any CPU
		{FDD22F79-2EF4-4FCB-97FB-C64A244F8C8E}.Debug|Any CPU.Build.0 = Debug|Any CPU
		{FDD22F79-2EF4-4FCB-97FB-C64A244F8C8E}.Release|Any CPU.ActiveCfg = Release|Any CPU
		{FDD22F79-2EF4-4FCB-97FB-C64A244F8C8E}.Release|Any CPU.Build.0 = Release|Any CPU
		{F6A99AE1-1BBD-429A-B176-8F9EDC31571B}.Debug|Any CPU.ActiveCfg = Debug|Any CPU
		{F6A99AE1-1BBD-429A-B176-8F9EDC31571B}.Debug|Any CPU.Build.0 = Debug|Any CPU
		{F6A99AE1-1BBD-429A-B176-8F9EDC31571B}.Release|Any CPU.ActiveCfg = Release|Any CPU
		{F6A99AE1-1BBD-429A-B176-8F9EDC31571B}.Release|Any CPU.Build.0 = Release|Any CPU
	EndGlobalSection
	GlobalSection(SolutionProperties) = preSolution
		HideSolutionNode = FALSE
	EndGlobalSection
	GlobalSection(ExtensibilityGlobals) = postSolution
		SolutionGuid = {8D2C3371-9293-462C-B418-8812E0BB476D}
	EndGlobalSection
EndGlobal
